
Microsoft Visual Studio Solution File, Format Version 12.00
# Visual Studio Version 16
VisualStudioVersion = 16.0.28729.10
MinimumVisualStudioVersion = 10.0.40219.1
Project("{FAE04EC0-301F-11D3-BF4B-00C04F79EFBC}") = "Basics", "Basics\Basics.csproj", "{5F264130-9CFB-47F9-8641-21187630FE57}"
EndProject
Global
	GlobalSection(SolutionConfigurationPlatforms) = preSolution
		Debug|Any CPU = Debug|Any CPU
		Release|Any CPU = Release|Any CPU
	EndGlobalSection
	GlobalSection(ProjectConfigurationPlatforms) = postSolution
		{5F264130-9CFB-47F9-8641-21187630FE57}.Debug|Any CPU.ActiveCfg = Debug|Any CPU
		{5F264130-9CFB-47F9-8641-21187630FE57}.Debug|Any CPU.Build.0 = Debug|Any CPU
		{5F264130-9CFB-47F9-8641-21187630FE57}.Release|Any CPU.ActiveCfg = Release|Any CPU
		{5F264130-9CFB-47F9-8641-21187630FE57}.Release|Any CPU.Build.0 = Release|Any CPU
	EndGlobalSection
	GlobalSection(SolutionProperties) = preSolution
		HideSolutionNode = FALSE
	EndGlobalSection
	GlobalSection(ExtensibilityGlobals) = postSolution
		SolutionGuid = {4CB00274-D768-4493-8BB1-25BACC73A780}
	EndGlobalSection
EndGlobal
